# THIS IS AN AUTOGENERATED FILE. DO NOT EDIT THIS FILE DIRECTLY.
# yarn lockfile v1


"@citizenfx/client@latest":
  version "2.0.22934-1"
  resolved "https://registry.yarnpkg.com/@citizenfx/client/-/client-2.0.22934-1.tgz#969700e8cf4d271efa9f59eab289d56ed7cbb57a"
  integrity sha512-F513+od21P2QrAj3PTvDKfaUb6/65WmBrUFE5JiA8zmLIf5gKb3EtWsomzYNCqFSol49CnjKjHS6ZzNXujUImw==

"@citizenfx/server@latest":
  version "2.0.22934-1"
  resolved "https://registry.yarnpkg.com/@citizenfx/server/-/server-2.0.22934-1.tgz#d1b218d0a7526193d68d7eb7e0f51f6541aca832"
  integrity sha512-sxNUHbMlVEMhQXQCqvFykxNFQlFQxcKzRsgv+jmOumAs9QZpEIDo1KewNQEfC5DXz8OjmjoNXDLWWO2MyYHsaQ==

"@types/node@^16.3.1":
  version "16.18.126"
  resolved "https://registry.yarnpkg.com/@types/node/-/node-16.18.126.tgz#27875faa2926c0f475b39a8bb1e546c0176f8d4b"
  integrity sha512-OTcgaiwfGFBKacvfwuHzzn1KLxH/er8mluiy8/uM3sGXHaRe73RrSIj01jow9t4kJEW633Ov+cOexXeiApTyAw==
